
Microsoft Visual Studio Solution File, Format Version 12.00
# Visual Studio Version 17
VisualStudioVersion = 17.7.34018.315
MinimumVisualStudioVersion = 10.0.40219.1
Project("{FAE04EC0-301F-11D3-BF4B-00C04F79EFBC}") = "Uppgift 2.4", "Uppgift 2.4\Uppgift 2.4.csproj", "{7B8BFF28-A0A1-4738-B6EF-E44FD4ED44FF}"
EndProject
Global
	GlobalSection(SolutionConfigurationPlatforms) = preSolution
		Debug|Any CPU = Debug|Any CPU
		Release|Any CPU = Release|Any CPU
	EndGlobalSection
	GlobalSection(ProjectConfigurationPlatforms) = postSolution
		{7B8BFF28-A0A1-4738-B6EF-E44FD4ED44FF}.Debug|Any CPU.ActiveCfg = Debug|Any CPU
		{7B8BFF28-A0A1-4738-B6EF-E44FD4ED44FF}.Debug|Any CPU.Build.0 = Debug|Any CPU
		{7B8BFF28-A0A1-4738-B6EF-E44FD4ED44FF}.Release|Any CPU.ActiveCfg = Release|Any CPU
		{7B8BFF28-A0A1-4738-B6EF-E44FD4ED44FF}.Release|Any CPU.Build.0 = Release|Any CPU
	EndGlobalSection
	GlobalSection(SolutionProperties) = preSolution
		HideSolutionNode = FALSE
	EndGlobalSection
	GlobalSection(ExtensibilityGlobals) = postSolution
		SolutionGuid = {5ACD8FD2-E040-464A-A11E-7F9125C44D8A}
	EndGlobalSection
EndGlobal
